// !$*UTF8*$!
{
	archiveVersion = 1;
	classes = {
	};
	objectVersion = 48;
	objects = {

/* Begin PBXBuildFile section */
		12152904208D85720023E89F /* XPModalAnimatedTransitioning.m in Sources */ = {isa = PBXBuildFile; fileRef = 12152903208D85720023E89F /* XPModalAnimatedTransitioning.m */; };
		12152907208D866F0023E89F /* XPModalTransitioningDelegate.m in Sources */ = {isa = PBXBuildFile; fileRef = 12152906208D866F0023E89F /* XPModalTransitioningDelegate.m */; };
		1215290A208D86A60023E89F /* XPModalPercentDrivenInteractiveTransition.m in Sources */ = {isa = PBXBuildFile; fileRef = 12152909208D86A60023E89F /* XPModalPercentDrivenInteractiveTransition.m */; };
		1215290D208D86BA0023E89F /* XPModalPresentationController.m in Sources */ = {isa = PBXBuildFile; fileRef = 1215290C208D86BA0023E89F /* XPModalPresentationController.m */; };
		12152910208D8A0A0023E89F /* XPModalConfiguration.m in Sources */ = {isa = PBXBuildFile; fileRef = 1215290F208D8A090023E89F /* XPModalConfiguration.m */; };
		12268933208D7A9900249A08 /* AppDelegate.m in Sources */ = {isa = PBXBuildFile; fileRef = 12268932208D7A9900249A08 /* AppDelegate.m */; };
		12268936208D7A9900249A08 /* ViewController.m in Sources */ = {isa = PBXBuildFile; fileRef = 12268935208D7A9900249A08 /* ViewController.m */; };
		12268939208D7A9900249A08 /* Main.storyboard in Resources */ = {isa = PBXBuildFile; fileRef = 12268937208D7A9900249A08 /* Main.storyboard */; };
		1226893B208D7AA200249A08 /* Assets.xcassets in Resources */ = {isa = PBXBuildFile; fileRef = 1226893A208D7AA200249A08 /* Assets.xcassets */; };
		1226893E208D7AA200249A08 /* LaunchScreen.storyboard in Resources */ = {isa = PBXBuildFile; fileRef = 1226893C208D7AA200249A08 /* LaunchScreen.storyboard */; };
		12268941208D7AA200249A08 /* main.m in Sources */ = {isa = PBXBuildFile; fileRef = 12268940208D7AA200249A08 /* main.m */; };
		12268948208D7B5300249A08 /* UIViewController+XPModal.m in Sources */ = {isa = PBXBuildFile; fileRef = 12268947208D7B5300249A08 /* UIViewController+XPModal.m */; };
		12E4C1902087172600BB98D4 /* ModalViewController.swift in Sources */ = {isa = PBXBuildFile; fileRef = 12E4C18F2087172600BB98D4 /* ModalViewController.swift */; };
		12FBAA612086F7E300605304 /* AppDelegate.swift in Sources */ = {isa = PBXBuildFile; fileRef = 12FBAA602086F7E300605304 /* AppDelegate.swift */; };
		12FBAA632086F7E300605304 /* ViewController.swift in Sources */ = {isa = PBXBuildFile; fileRef = 12FBAA622086F7E300605304 /* ViewController.swift */; };
		12FBAA662086F7E300605304 /* Main.storyboard in Resources */ = {isa = PBXBuildFile; fileRef = 12FBAA642086F7E300605304 /* Main.storyboard */; };
		12FBAA682086F7E300605304 /* Assets.xcassets in Resources */ = {isa = PBXBuildFile; fileRef = 12FBAA672086F7E300605304 /* Assets.xcassets */; };
		12FBAA6B2086F7E300605304 /* LaunchScreen.storyboard in Resources */ = {isa = PBXBuildFile; fileRef = 12FBAA692086F7E300605304 /* LaunchScreen.storyboard */; };
		12FBAA742086F85C00605304 /* UIViewController+Modal.swift in Sources */ = {isa = PBXBuildFile; fileRef = 12FBAA732086F85C00605304 /* UIViewController+Modal.swift */; };
/* End PBXBuildFile section */

/* Begin PBXFileReference section */
		12152902208D85720023E89F /* XPModalAnimatedTransitioning.h */ = {isa = PBXFileReference; lastKnownFileType = sourcecode.c.h; path = XPModalAnimatedTransitioning.h; sourceTree = "<group>"; };
		12152903208D85720023E89F /* XPModalAnimatedTransitioning.m */ = {isa = PBXFileReference; lastKnownFileType = sourcecode.c.objc; path = XPModalAnimatedTransitioning.m; sourceTree = "<group>"; };
		12152905208D866F0023E89F /* XPModalTransitioningDelegate.h */ = {isa = PBXFileReference; lastKnownFileType = sourcecode.c.h; path = XPModalTransitioningDelegate.h; sourceTree = "<group>"; };
		12152906208D866F0023E89F /* XPModalTransitioningDelegate.m */ = {isa = PBXFileReference; lastKnownFileType = sourcecode.c.objc; path = XPModalTransitioningDelegate.m; sourceTree = "<group>"; };
		12152908208D86A60023E89F /* XPModalPercentDrivenInteractiveTransition.h */ = {isa = PBXFileReference; lastKnownFileType = sourcecode.c.h; path = XPModalPercentDrivenInteractiveTransition.h; sourceTree = "<group>"; };
		12152909208D86A60023E89F /* XPModalPercentDrivenInteractiveTransition.m */ = {isa = PBXFileReference; lastKnownFileType = sourcecode.c.objc; path = XPModalPercentDrivenInteractiveTransition.m; sourceTree = "<group>"; };
		1215290B208D86BA0023E89F /* XPModalPresentationController.h */ = {isa = PBXFileReference; lastKnownFileType = sourcecode.c.h; path = XPModalPresentationController.h; sourceTree = "<group>"; };
		1215290C208D86BA0023E89F /* XPModalPresentationController.m */ = {isa = PBXFileReference; lastKnownFileType = sourcecode.c.objc; path = XPModalPresentationController.m; sourceTree = "<group>"; };
		1215290E208D8A090023E89F /* XPModalConfiguration.h */ = {isa = PBXFileReference; lastKnownFileType = sourcecode.c.h; path = XPModalConfiguration.h; sourceTree = "<group>"; };
		1215290F208D8A090023E89F /* XPModalConfiguration.m */ = {isa = PBXFileReference; lastKnownFileType = sourcecode.c.objc; path = XPModalConfiguration.m; sourceTree = "<group>"; };
		1226892F208D7A9900249A08 /* ExampleObjC.app */ = {isa = PBXFileReference; explicitFileType = wrapper.application; includeInIndex = 0; path = ExampleObjC.app; sourceTree = BUILT_PRODUCTS_DIR; };
		12268931208D7A9900249A08 /* AppDelegate.h */ = {isa = PBXFileReference; lastKnownFileType = sourcecode.c.h; path = AppDelegate.h; sourceTree = "<group>"; };
		12268932208D7A9900249A08 /* AppDelegate.m */ = {isa = PBXFileReference; lastKnownFileType = sourcecode.c.objc; path = AppDelegate.m; sourceTree = "<group>"; };
		12268934208D7A9900249A08 /* ViewController.h */ = {isa = PBXFileReference; lastKnownFileType = sourcecode.c.h; path = ViewController.h; sourceTree = "<group>"; };
		12268935208D7A9900249A08 /* ViewController.m */ = {isa = PBXFileReference; lastKnownFileType = sourcecode.c.objc; path = ViewController.m; sourceTree = "<group>"; };
		12268938208D7A9900249A08 /* Base */ = {isa = PBXFileReference; lastKnownFileType = file.storyboard; name = Base; path = Base.lproj/Main.storyboard; sourceTree = "<group>"; };
		1226893A208D7AA200249A08 /* Assets.xcassets */ = {isa = PBXFileReference; lastKnownFileType = folder.assetcatalog; path = Assets.xcassets; sourceTree = "<group>"; };
		1226893D208D7AA200249A08 /* Base */ = {isa = PBXFileReference; lastKnownFileType = file.storyboard; name = Base; path = Base.lproj/LaunchScreen.storyboard; sourceTree = "<group>"; };
		1226893F208D7AA200249A08 /* Info.plist */ = {isa = PBXFileReference; lastKnownFileType = text.plist.xml; path = Info.plist; sourceTree = "<group>"; };
		12268940208D7AA200249A08 /* main.m */ = {isa = PBXFileReference; lastKnownFileType = sourcecode.c.objc; path = main.m; sourceTree = "<group>"; };
		12268946208D7B5300249A08 /* UIViewController+XPModal.h */ = {isa = PBXFileReference; lastKnownFileType = sourcecode.c.h; path = "UIViewController+XPModal.h"; sourceTree = "<group>"; };
		12268947208D7B5300249A08 /* UIViewController+XPModal.m */ = {isa = PBXFileReference; lastKnownFileType = sourcecode.c.objc; path = "UIViewController+XPModal.m"; sourceTree = "<group>"; };
		12E4C18F2087172600BB98D4 /* ModalViewController.swift */ = {isa = PBXFileReference; lastKnownFileType = sourcecode.swift; path = ModalViewController.swift; sourceTree = "<group>"; };
		12FBAA5D2086F7E300605304 /* Example.app */ = {isa = PBXFileReference; explicitFileType = wrapper.application; includeInIndex = 0; path = Example.app; sourceTree = BUILT_PRODUCTS_DIR; };
		12FBAA602086F7E300605304 /* AppDelegate.swift */ = {isa = PBXFileReference; lastKnownFileType = sourcecode.swift; path = AppDelegate.swift; sourceTree = "<group>"; };
		12FBAA622086F7E300605304 /* ViewController.swift */ = {isa = PBXFileReference; lastKnownFileType = sourcecode.swift; path = ViewController.swift; sourceTree = "<group>"; };
		12FBAA652086F7E300605304 /* Base */ = {isa = PBXFileReference; lastKnownFileType = file.storyboard; name = Base; path = Base.lproj/Main.storyboard; sourceTree = "<group>"; };
		12FBAA672086F7E300605304 /* Assets.xcassets */ = {isa = PBXFileReference; lastKnownFileType = folder.assetcatalog; path = Assets.xcassets; sourceTree = "<group>"; };
		12FBAA6A2086F7E300605304 /* Base */ = {isa = PBXFileReference; lastKnownFileType = file.storyboard; name = Base; path = Base.lproj/LaunchScreen.storyboard; sourceTree = "<group>"; };
		12FBAA6C2086F7E300605304 /* Info.plist */ = {isa = PBXFileReference; lastKnownFileType = text.plist.xml; path = Info.plist; sourceTree = "<group>"; };
		12FBAA732086F85C00605304 /* UIViewController+Modal.swift */ = {isa = PBXFileReference; lastKnownFileType = sourcecode.swift; path = "UIViewController+Modal.swift"; sourceTree = "<group>"; };
/* End PBXFileReference section */

/* Begin PBXFrameworksBuildPhase section */
		1226892C208D7A9900249A08 /* Frameworks */ = {
			isa = PBXFrameworksBuildPhase;
			buildActionMask = 2147483647;
			files = (
			);
			runOnlyForDeploymentPostprocessing = 0;
		};
		12FBAA5A2086F7E300605304 /* Frameworks */ = {
			isa = PBXFrameworksBuildPhase;
			buildActionMask = 2147483647;
			files = (
			);
			runOnlyForDeploymentPostprocessing = 0;
		};
/* End PBXFrameworksBuildPhase section */

/* Begin PBXGroup section */
		12268930208D7A9900249A08 /* ExampleObjC */ = {
			isa = PBXGroup;
			children = (
				12268945208D7AB700249A08 /* Modal-ObjC */,
				12268931208D7A9900249A08 /* AppDelegate.h */,
				12268932208D7A9900249A08 /* AppDelegate.m */,
				12268934208D7A9900249A08 /* ViewController.h */,
				12268935208D7A9900249A08 /* ViewController.m */,
				12268937208D7A9900249A08 /* Main.storyboard */,
				1226893A208D7AA200249A08 /* Assets.xcassets */,
				1226893C208D7AA200249A08 /* LaunchScreen.storyboard */,
				1226893F208D7AA200249A08 /* Info.plist */,
				12268940208D7AA200249A08 /* main.m */,
			);
			path = ExampleObjC;
			sourceTree = "<group>";
		};
		12268945208D7AB700249A08 /* Modal-ObjC */ = {
			isa = PBXGroup;
			children = (
				12268946208D7B5300249A08 /* UIViewController+XPModal.h */,
				12268947208D7B5300249A08 /* UIViewController+XPModal.m */,
				1215290E208D8A090023E89F /* XPModalConfiguration.h */,
				1215290F208D8A090023E89F /* XPModalConfiguration.m */,
				12152902208D85720023E89F /* XPModalAnimatedTransitioning.h */,
				12152903208D85720023E89F /* XPModalAnimatedTransitioning.m */,
				12152908208D86A60023E89F /* XPModalPercentDrivenInteractiveTransition.h */,
				12152909208D86A60023E89F /* XPModalPercentDrivenInteractiveTransition.m */,
				1215290B208D86BA0023E89F /* XPModalPresentationController.h */,
				1215290C208D86BA0023E89F /* XPModalPresentationController.m */,
				12152905208D866F0023E89F /* XPModalTransitioningDelegate.h */,
				12152906208D866F0023E89F /* XPModalTransitioningDelegate.m */,
			);
			path = "Modal-ObjC";
			sourceTree = "<group>";
		};
		12FBAA542086F7E300605304 = {
			isa = PBXGroup;
			children = (
				12FBAA5F2086F7E300605304 /* Example */,
				12268930208D7A9900249A08 /* ExampleObjC */,
				12FBAA5E2086F7E300605304 /* Products */,
			);
			sourceTree = "<group>";
		};
		12FBAA5E2086F7E300605304 /* Products */ = {
			isa = PBXGroup;
			children = (
				12FBAA5D2086F7E300605304 /* Example.app */,
				1226892F208D7A9900249A08 /* ExampleObjC.app */,
			);
			name = Products;
			sourceTree = "<group>";
		};
		12FBAA5F2086F7E300605304 /* Example */ = {
			isa = PBXGroup;
			children = (
				12FBAA722086F83400605304 /* Modal */,
				12FBAA602086F7E300605304 /* AppDelegate.swift */,
				12FBAA622086F7E300605304 /* ViewController.swift */,
				12E4C18F2087172600BB98D4 /* ModalViewController.swift */,
				12FBAA642086F7E300605304 /* Main.storyboard */,
				12FBAA672086F7E300605304 /* Assets.xcassets */,
				12FBAA692086F7E300605304 /* LaunchScreen.storyboard */,
				12FBAA6C2086F7E300605304 /* Info.plist */,
			);
			path = Example;
			sourceTree = "<group>";
		};
		12FBAA722086F83400605304 /* Modal */ = {
			isa = PBXGroup;
			children = (
				12FBAA732086F85C00605304 /* UIViewController+Modal.swift */,
			);
			path = Modal;
			sourceTree = SOURCE_ROOT;
		};
/* End PBXGroup section */

/* Begin PBXNativeTarget section */
		1226892E208D7A9900249A08 /* ExampleObjC */ = {
			isa = PBXNativeTarget;
			buildConfigurationList = 12268942208D7AA200249A08 /* Build configuration list for PBXNativeTarget "ExampleObjC" */;
			buildPhases = (
				1226892B208D7A9900249A08 /* Sources */,
				1226892C208D7A9900249A08 /* Frameworks */,
				1226892D208D7A9900249A08 /* Resources */,
			);
			buildRules = (
			);
			dependencies = (
			);
			name = ExampleObjC;
			productName = ExampleObjC;
			productReference = 1226892F208D7A9900249A08 /* ExampleObjC.app */;
			productType = "com.apple.product-type.application";
		};
		12FBAA5C2086F7E300605304 /* Example */ = {
			isa = PBXNativeTarget;
			buildConfigurationList = 12FBAA6F2086F7E300605304 /* Build configuration list for PBXNativeTarget "Example" */;
			buildPhases = (
				12FBAA592086F7E300605304 /* Sources */,
				12FBAA5A2086F7E300605304 /* Frameworks */,
				12FBAA5B2086F7E300605304 /* Resources */,
			);
			buildRules = (
			);
			dependencies = (
			);
			name = Example;
			productName = Example;
			productReference = 12FBAA5D2086F7E300605304 /* Example.app */;
			productType = "com.apple.product-type.application";
		};
/* End PBXNativeTarget section */

/* Begin PBXProject section */
		12FBAA552086F7E300605304 /* Project object */ = {
			isa = PBXProject;
			attributes = {
				CLASSPREFIX = "";
				LastSwiftUpdateCheck = 0920;
				LastUpgradeCheck = 0920;
				TargetAttributes = {
					1226892E208D7A9900249A08 = {
						CreatedOnToolsVersion = 9.3;
						ProvisioningStyle = Automatic;
					};
					12FBAA5C2086F7E300605304 = {
						CreatedOnToolsVersion = 9.2;
						ProvisioningStyle = Automatic;
					};
				};
			};
			buildConfigurationList = 12FBAA582086F7E300605304 /* Build configuration list for PBXProject "Example" */;
			compatibilityVersion = "Xcode 8.0";
			developmentRegion = en;
			hasScannedForEncodings = 0;
			knownRegions = (
				en,
				Base,
			);
			mainGroup = 12FBAA542086F7E300605304;
			productRefGroup = 12FBAA5E2086F7E300605304 /* Products */;
			projectDirPath = "";
			projectRoot = "";
			targets = (
				12FBAA5C2086F7E300605304 /* Example */,
				1226892E208D7A9900249A08 /* ExampleObjC */,
			);
		};
/* End PBXProject section */

/* Begin PBXResourcesBuildPhase section */
		1226892D208D7A9900249A08 /* Resources */ = {
			isa = PBXResourcesBuildPhase;
			buildActionMask = 2147483647;
			files = (
				1226893E208D7AA200249A08 /* LaunchScreen.storyboard in Resources */,
				1226893B208D7AA200249A08 /* Assets.xcassets in Resources */,
				12268939208D7A9900249A08 /* Main.storyboard in Resources */,
			);
			runOnlyForDeploymentPostprocessing = 0;
		};
		12FBAA5B2086F7E300605304 /* Resources */ = {
			isa = PBXResourcesBuildPhase;
			buildActionMask = 2147483647;
			files = (
				12FBAA6B2086F7E300605304 /* LaunchScreen.storyboard in Resources */,
				12FBAA682086F7E300605304 /* Assets.xcassets in Resources */,
				12FBAA662086F7E300605304 /* Main.storyboard in Resources */,
			);
			runOnlyForDeploymentPostprocessing = 0;
		};
/* End PBXResourcesBuildPhase section */

/* Begin PBXSourcesBuildPhase section */
		1226892B208D7A9900249A08 /* Sources */ = {
			isa = PBXSourcesBuildPhase;
			buildActionMask = 2147483647;
			files = (
				12152910208D8A0A0023E89F /* XPModalConfiguration.m in Sources */,
				12268936208D7A9900249A08 /* ViewController.m in Sources */,
				12268941208D7AA200249A08 /* main.m in Sources */,
				12268948208D7B5300249A08 /* UIViewController+XPModal.m in Sources */,
				12268933208D7A9900249A08 /* AppDelegate.m in Sources */,
				12152907208D866F0023E89F /* XPModalTransitioningDelegate.m in Sources */,
				12152904208D85720023E89F /* XPModalAnimatedTransitioning.m in Sources */,
				1215290A208D86A60023E89F /* XPModalPercentDrivenInteractiveTransition.m in Sources */,
				1215290D208D86BA0023E89F /* XPModalPresentationController.m in Sources */,
			);
			runOnlyForDeploymentPostprocessing = 0;
		};
		12FBAA592086F7E300605304 /* Sources */ = {
			isa = PBXSourcesBuildPhase;
			buildActionMask = 2147483647;
			files = (
				12E4C1902087172600BB98D4 /* ModalViewController.swift in Sources */,
				12FBAA632086F7E300605304 /* ViewController.swift in Sources */,
				12FBAA742086F85C00605304 /* UIViewController+Modal.swift in Sources */,
				12FBAA612086F7E300605304 /* AppDelegate.swift in Sources */,
			);
			runOnlyForDeploymentPostprocessing = 0;
		};
/* End PBXSourcesBuildPhase section */

/* Begin PBXVariantGroup section */
		12268937208D7A9900249A08 /* Main.storyboard */ = {
			isa = PBXVariantGroup;
			children = (
				12268938208D7A9900249A08 /* Base */,
			);
			name = Main.storyboard;
			sourceTree = "<group>";
		};
		1226893C208D7AA200249A08 /* LaunchScreen.storyboard */ = {
			isa = PBXVariantGroup;
			children = (
				1226893D208D7AA200249A08 /* Base */,
			);
			name = LaunchScreen.storyboard;
			sourceTree = "<group>";
		};
		12FBAA642086F7E300605304 /* Main.storyboard */ = {
			isa = PBXVariantGroup;
			children = (
				12FBAA652086F7E300605304 /* Base */,
			);
			name = Main.storyboard;
			sourceTree = "<group>";
		};
		12FBAA692086F7E300605304 /* LaunchScreen.storyboard */ = {
			isa = PBXVariantGroup;
			children = (
				12FBAA6A2086F7E300605304 /* Base */,
			);
			name = LaunchScreen.storyboard;
			sourceTree = "<group>";
		};
/* End PBXVariantGroup section */

/* Begin XCBuildConfiguration section */
		12268943208D7AA200249A08 /* Debug */ = {
			isa = XCBuildConfiguration;
			buildSettings = {
				ASSETCATALOG_COMPILER_APPICON_NAME = AppIcon;
				CLANG_ENABLE_OBJC_WEAK = YES;
				CLANG_WARN_DEPRECATED_OBJC_IMPLEMENTATIONS = YES;
				CLANG_WARN_OBJC_IMPLICIT_RETAIN_SELF = YES;
				CODE_SIGN_STYLE = Automatic;
				INFOPLIST_FILE = ExampleObjC/Info.plist;
				IPHONEOS_DEPLOYMENT_TARGET = 8.0;
				LD_RUNPATH_SEARCH_PATHS = "$(inherited) @executable_path/Frameworks";
				PRODUCT_BUNDLE_IDENTIFIER = com.0daybug.ExampleObjC;
				PRODUCT_NAME = "$(TARGET_NAME)";
				TARGETED_DEVICE_FAMILY = "1,2";
			};
			name = Debug;
		};
		12268944208D7AA200249A08 /* Release */ = {
			isa = XCBuildConfiguration;
			buildSettings = {
				ASSETCATALOG_COMPILER_APPICON_NAME = AppIcon;
				CLANG_ENABLE_OBJC_WEAK = YES;
				CLANG_WARN_DEPRECATED_OBJC_IMPLEMENTATIONS = YES;
				CLANG_WARN_OBJC_IMPLICIT_RETAIN_SELF = YES;
				CODE_SIGN_STYLE = Automatic;
				INFOPLIST_FILE = ExampleObjC/Info.plist;
				IPHONEOS_DEPLOYMENT_TARGET = 8.0;
				LD_RUNPATH_SEARCH_PATHS = "$(inherited) @executable_path/Frameworks";
				PRODUCT_BUNDLE_IDENTIFIER = com.0daybug.ExampleObjC;
				PRODUCT_NAME = "$(TARGET_NAME)";
				TARGETED_DEVICE_FAMILY = "1,2";
			};
			name = Release;
		};
		12FBAA6D2086F7E300605304 /* Debug */ = {
			isa = XCBuildConfiguration;
			buildSettings = {
				ALWAYS_SEARCH_USER_PATHS = NO;
				CLANG_ANALYZER_NONNULL = YES;
				CLANG_ANALYZER_NUMBER_OBJECT_CONVERSION = YES_AGGRESSIVE;
				CLANG_CXX_LANGUAGE_STANDARD = "gnu++14";
				CLANG_CXX_LIBRARY = "libc++";
				CLANG_ENABLE_MODULES = YES;
				CLANG_ENABLE_OBJC_ARC = YES;
				CLANG_WARN_BLOCK_CAPTURE_AUTORELEASING = YES;
				CLANG_WARN_BOOL_CONVERSION = YES;
				CLANG_WARN_COMMA = YES;
				CLANG_WARN_CONSTANT_CONVERSION = YES;
				CLANG_WARN_DIRECT_OBJC_ISA_USAGE = YES_ERROR;
				CLANG_WARN_DOCUMENTATION_COMMENTS = YES;
				CLANG_WARN_EMPTY_BODY = YES;
				CLANG_WARN_ENUM_CONVERSION = YES;
				CLANG_WARN_INFINITE_RECURSION = YES;
				CLANG_WARN_INT_CONVERSION = YES;
				CLANG_WARN_NON_LITERAL_NULL_CONVERSION = YES;
				CLANG_WARN_OBJC_LITERAL_CONVERSION = YES;
				CLANG_WARN_OBJC_ROOT_CLASS = YES_ERROR;
				CLANG_WARN_RANGE_LOOP_ANALYSIS = YES;
				CLANG_WARN_STRICT_PROTOTYPES = YES;
				CLANG_WARN_SUSPICIOUS_MOVE = YES;
				CLANG_WARN_UNGUARDED_AVAILABILITY = YES_AGGRESSIVE;
				CLANG_WARN_UNREACHABLE_CODE = YES;
				CLANG_WARN__DUPLICATE_METHOD_MATCH = YES;
				CODE_SIGN_IDENTITY = "iPhone Developer";
				COPY_PHASE_STRIP = NO;
				DEBUG_INFORMATION_FORMAT = dwarf;
				ENABLE_STRICT_OBJC_MSGSEND = YES;
				ENABLE_TESTABILITY = YES;
				GCC_C_LANGUAGE_STANDARD = gnu11;
				GCC_DYNAMIC_NO_PIC = NO;
				GCC_NO_COMMON_BLOCKS = YES;
				GCC_OPTIMIZATION_LEVEL = 0;
				GCC_PREPROCESSOR_DEFINITIONS = (
					"DEBUG=1",
					"$(inherited)",
				);
				GCC_WARN_64_TO_32_BIT_CONVERSION = YES;
				GCC_WARN_ABOUT_RETURN_TYPE = YES_ERROR;
				GCC_WARN_UNDECLARED_SELECTOR = YES;
				GCC_WARN_UNINITIALIZED_AUTOS = YES_AGGRESSIVE;
				GCC_WARN_UNUSED_FUNCTION = YES;
				GCC_WARN_UNUSED_VARIABLE = YES;
				IPHONEOS_DEPLOYMENT_TARGET = 11.2;
				MTL_ENABLE_DEBUG_INFO = YES;
				ONLY_ACTIVE_ARCH = YES;
				SDKROOT = iphoneos;
				SWIFT_ACTIVE_COMPILATION_CONDITIONS = DEBUG;
				SWIFT_OPTIMIZATION_LEVEL = "-Onone";
			};
			name = Debug;
		};
		12FBAA6E2086F7E300605304 /* Release */ = {
			isa = XCBuildConfiguration;
			buildSettings = {
				ALWAYS_SEARCH_USER_PATHS = NO;
				CLANG_ANALYZER_NONNULL = YES;
				CLANG_ANALYZER_NUMBER_OBJECT_CONVERSION = YES_AGGRESSIVE;
				CLANG_CXX_LANGUAGE_STANDARD = "gnu++14";
				CLANG_CXX_LIBRARY = "libc++";
				CLANG_ENABLE_MODULES = YES;
				CLANG_ENABLE_OBJC_ARC = YES;
				CLANG_WARN_BLOCK_CAPTURE_AUTORELEASING = YES;
				CLANG_WARN_BOOL_CONVERSION = YES;
				CLANG_WARN_COMMA = YES;
				CLANG_WARN_CONSTANT_CONVERSION = YES;
				CLANG_WARN_DIRECT_OBJC_ISA_USAGE = YES_ERROR;
				CLANG_WARN_DOCUMENTATION_COMMENTS = YES;
				CLANG_WARN_EMPTY_BODY = YES;
				CLANG_WARN_ENUM_CONVERSION = YES;
				CLANG_WARN_INFINITE_RECURSION = YES;
				CLANG_WARN_INT_CONVERSION = YES;
				CLANG_WARN_NON_LITERAL_NULL_CONVERSION = YES;
				CLANG_WARN_OBJC_LITERAL_CONVERSION = YES;
				CLANG_WARN_OBJC_ROOT_CLASS = YES_ERROR;
				CLANG_WARN_RANGE_LOOP_ANALYSIS = YES;
				CLANG_WARN_STRICT_PROTOTYPES = YES;
				CLANG_WARN_SUSPICIOUS_MOVE = YES;
				CLANG_WARN_UNGUARDED_AVAILABILITY = YES_AGGRESSIVE;
				CLANG_WARN_UNREACHABLE_CODE = YES;
				CLANG_WARN__DUPLICATE_METHOD_MATCH = YES;
				CODE_SIGN_IDENTITY = "iPhone Developer";
				COPY_PHASE_STRIP = NO;
				DEBUG_INFORMATION_FORMAT = "dwarf-with-dsym";
				ENABLE_NS_ASSERTIONS = NO;
				ENABLE_STRICT_OBJC_MSGSEND = YES;
				GCC_C_LANGUAGE_STANDARD = gnu11;
				GCC_NO_COMMON_BLOCKS = YES;
				GCC_WARN_64_TO_32_BIT_CONVERSION = YES;
				GCC_WARN_ABOUT_RETURN_TYPE = YES_ERROR;
				GCC_WARN_UNDECLARED_SELECTOR = YES;
				GCC_WARN_UNINITIALIZED_AUTOS = YES_AGGRESSIVE;
				GCC_WARN_UNUSED_FUNCTION = YES;
				GCC_WARN_UNUSED_VARIABLE = YES;
				IPHONEOS_DEPLOYMENT_TARGET = 11.2;
				MTL_ENABLE_DEBUG_INFO = NO;
				SDKROOT = iphoneos;
				SWIFT_OPTIMIZATION_LEVEL = "-Owholemodule";
				VALIDATE_PRODUCT = YES;
			};
			name = Release;
		};
		12FBAA702086F7E300605304 /* Debug */ = {
			isa = XCBuildConfiguration;
			buildSettings = {
				ASSETCATALOG_COMPILER_APPICON_NAME = AppIcon;
				CODE_SIGN_STYLE = Automatic;
				INFOPLIST_FILE = Example/Info.plist;
				IPHONEOS_DEPLOYMENT_TARGET = 9.0;
				LD_RUNPATH_SEARCH_PATHS = "$(inherited) @executable_path/Frameworks";
				PRODUCT_BUNDLE_IDENTIFIER = com.0daybug.Example;
				PRODUCT_NAME = "$(TARGET_NAME)";
				SWIFT_VERSION = 4.0;
				TARGETED_DEVICE_FAMILY = "1,2";
			};
			name = Debug;
		};
		12FBAA712086F7E300605304 /* Release */ = {
			isa = XCBuildConfiguration;
			buildSettings = {
				ASSETCATALOG_COMPILER_APPICON_NAME = AppIcon;
				CODE_SIGN_STYLE = Automatic;
				INFOPLIST_FILE = Example/Info.plist;
				IPHONEOS_DEPLOYMENT_TARGET = 9.0;
				LD_RUNPATH_SEARCH_PATHS = "$(inherited) @executable_path/Frameworks";
				PRODUCT_BUNDLE_IDENTIFIER = com.0daybug.Example;
				PRODUCT_NAME = "$(TARGET_NAME)";
				SWIFT_VERSION = 4.0;
				TARGETED_DEVICE_FAMILY = "1,2";
			};
			name = Release;
		};
/* End XCBuildConfiguration section */

/* Begin XCConfigurationList section */
		12268942208D7AA200249A08 /* Build configuration list for PBXNativeTarget "ExampleObjC" */ = {
			isa = XCConfigurationList;
			buildConfigurations = (
				12268943208D7AA200249A08 /* Debug */,
				12268944208D7AA200249A08 /* Release */,
			);
			defaultConfigurationIsVisible = 0;
			defaultConfigurationName = Release;
		};
		12FBAA582086F7E300605304 /* Build configuration list for PBXProject "Example" */ = {
			isa = XCConfigurationList;
			buildConfigurations = (
				12FBAA6D2086F7E300605304 /* Debug */,
				12FBAA6E2086F7E300605304 /* Release */,
			);
			defaultConfigurationIsVisible = 0;
			defaultConfigurationName = Release;
		};
		12FBAA6F2086F7E300605304 /* Build configuration list for PBXNativeTarget "Example" */ = {
			isa = XCConfigurationList;
			buildConfigurations = (
				12FBAA702086F7E300605304 /* Debug */,
				12FBAA712086F7E300605304 /* Release */,
			);
			defaultConfigurationIsVisible = 0;
			defaultConfigurationName = Release;
		};
/* End XCConfigurationList section */
	};
	rootObject = 12FBAA552086F7E300605304 /* Project object */;
}
